
Microsoft Visual Studio Solution File, Format Version 12.00
# Visual Studio Version 16
VisualStudioVersion = 16.0.29806.167
MinimumVisualStudioVersion = 10.0.40219.1
Project("{FAE04EC0-301F-11D3-BF4B-00C04F79EFBC}") = "ProgAgregação", "ProgAgregação\ProgAgregação.csproj", "{A8876A07-B7CC-4D2F-8E8D-9AED8AFFED32}"
EndProject
Global
	GlobalSection(SolutionConfigurationPlatforms) = preSolution
		Debug|Any CPU = Debug|Any CPU
		Release|Any CPU = Release|Any CPU
	EndGlobalSection
	GlobalSection(ProjectConfigurationPlatforms) = postSolution
		{A8876A07-B7CC-4D2F-8E8D-9AED8AFFED32}.Debug|Any CPU.ActiveCfg = Debug|Any CPU
		{A8876A07-B7CC-4D2F-8E8D-9AED8AFFED32}.Debug|Any CPU.Build.0 = Debug|Any CPU
		{A8876A07-B7CC-4D2F-8E8D-9AED8AFFED32}.Release|Any CPU.ActiveCfg = Release|Any CPU
		{A8876A07-B7CC-4D2F-8E8D-9AED8AFFED32}.Release|Any CPU.Build.0 = Release|Any CPU
	EndGlobalSection
	GlobalSection(SolutionProperties) = preSolution
		HideSolutionNode = FALSE
	EndGlobalSection
	GlobalSection(ExtensibilityGlobals) = postSolution
		SolutionGuid = {BABAF103-2360-46CE-99EA-A9229DC81C5A}
	EndGlobalSection
EndGlobal
